
Microsoft Visual Studio Solution File, Format Version 12.00
# Visual Studio Version 17
VisualStudioVersion = 17.4.33110.190
MinimumVisualStudioVersion = 10.0.40219.1
Project("{9A19103F-16F7-4668-BE54-9A1E7A4F7556}") = "BuilderPattern", "BuilderPattern\BuilderPattern.csproj", "{E8506AD9-E679-49FE-84D6-EF83A66FA2C0}"
EndProject
Project("{9A19103F-16F7-4668-BE54-9A1E7A4F7556}") = "PrototypePattern", "PrototypePattern\PrototypePattern.csproj", "{AFD81C19-7411-4E30-BEBE-588D61B6B57E}"
EndProject
Project("{2150E333-8FDC-42A3-9474-1A3956D46DE8}") = "方案項目", "方案項目", "{02B0EDCD-F0C2-4D19-8517-E33AE4190D08}"
	ProjectSection(SolutionItems) = preProject
		README.md = README.md
	EndProjectSection
EndProject
Project("{9A19103F-16F7-4668-BE54-9A1E7A4F7556}") = "FactoryMethodPattern", "FactoryMethodPattern\FactoryMethodPattern.csproj", "{2B7E5AE2-B407-40B8-863E-B8679EE5E70F}"
EndProject
Project("{9A19103F-16F7-4668-BE54-9A1E7A4F7556}") = "AbstractFactoryPattern", "AbstractFactoryPattern\AbstractFactoryPattern.csproj", "{00F4C5CC-EDF0-4F78-9761-B4A3D4F42700}"
EndProject
Project("{9A19103F-16F7-4668-BE54-9A1E7A4F7556}") = "SingletonPattern", "SingletonPattern\SingletonPattern.csproj", "{1E2CDE33-745C-4A2E-8582-D832BBF6B55B}"
EndProject
Project("{9A19103F-16F7-4668-BE54-9A1E7A4F7556}") = "SimpleFactoryPattern", "SimpleFactoryPattern\SimpleFactoryPattern.csproj", "{88ECAEDF-752B-45B4-9EFC-DE427416DB33}"
EndProject
Project("{9A19103F-16F7-4668-BE54-9A1E7A4F7556}") = "StrategyPattern", "StrategyPattern\StrategyPattern.csproj", "{FA0E32B1-1F6C-4573-ADA7-BC7D4AC6232E}"
EndProject
Project("{9A19103F-16F7-4668-BE54-9A1E7A4F7556}") = "StatePattern", "StatePattern\StatePattern.csproj", "{4B8DBC5A-1251-46C4-929C-5DC496D58AF9}"
EndProject
Project("{9A19103F-16F7-4668-BE54-9A1E7A4F7556}") = "ObserverPattern", "ObserverPattern\ObserverPattern.csproj", "{4AFD3D04-2E0D-4C9A-8A77-41F0795E21C6}"
EndProject
Project("{9A19103F-16F7-4668-BE54-9A1E7A4F7556}") = "DecoratorPattern", "DecoratorPattern\DecoratorPattern.csproj", "{D9C03B09-7DCD-4CDF-9B45-CE5E5F9EF159}"
EndProject
Project("{9A19103F-16F7-4668-BE54-9A1E7A4F7556}") = "ProxyPattern", "ProxyPattern\ProxyPattern.csproj", "{C0D31F06-E77A-4363-BC28-718635CA0819}"
EndProject
Project("{9A19103F-16F7-4668-BE54-9A1E7A4F7556}") = "FlyweightPattern", "FlyweightPattern\FlyweightPattern.csproj", "{1F0571EF-08F6-4F51-BA3C-90DD116052DE}"
EndProject
Project("{9A19103F-16F7-4668-BE54-9A1E7A4F7556}") = "TemplateMethodPattern", "TemplateMethodPattern\TemplateMethodPattern.csproj", "{1385FA61-3696-48C0-ACFB-C682EF5E14FF}"
EndProject
Project("{9A19103F-16F7-4668-BE54-9A1E7A4F7556}") = "Chain-of-ResponsibilityPattern", "Chain-of-ResponsibilityPattern\Chain-of-ResponsibilityPattern.csproj", "{DB070C64-81B1-4919-B716-8C8E3AB04BF6}"
EndProject
Project("{9A19103F-16F7-4668-BE54-9A1E7A4F7556}") = "CommandPattern", "CommandPattern\CommandPattern.csproj", "{90B29B6D-16CD-4BA3-87C9-AB3A890235ED}"
EndProject
Project("{9A19103F-16F7-4668-BE54-9A1E7A4F7556}") = "MediatorPattern", "MediatorPattern\MediatorPattern.csproj", "{D6244626-8FED-49FF-956F-D6C01A2F1934}"
EndProject
Project("{9A19103F-16F7-4668-BE54-9A1E7A4F7556}") = "InterpreterPattern", "InterpreterPattern\InterpreterPattern.csproj", "{481CEC1A-1680-4394-A1E0-64CE296B22BC}"
EndProject
Project("{9A19103F-16F7-4668-BE54-9A1E7A4F7556}") = "VisitorPattern", "VisitorPattern\VisitorPattern.csproj", "{61DC9415-84F0-4DA8-9DB3-DD7CA4E9BB9A}"
EndProject
Project("{9A19103F-16F7-4668-BE54-9A1E7A4F7556}") = "CompositePattern", "CompositePattern\CompositePattern.csproj", "{27BF846B-E91F-4A9A-AAE0-B092482F55AA}"
EndProject
Project("{9A19103F-16F7-4668-BE54-9A1E7A4F7556}") = "BridgePattern", "BridgePattern\BridgePattern.csproj", "{5DB66C89-376A-41EE-8227-0ACB7ED9C4B1}"
EndProject
Project("{9A19103F-16F7-4668-BE54-9A1E7A4F7556}") = "FacadePattern", "FacadePattern\FacadePattern.csproj", "{89517550-BDE7-4256-87BB-C8022A0A4F1F}"
EndProject
Project("{9A19103F-16F7-4668-BE54-9A1E7A4F7556}") = "MementoPattern", "MementoPattern\MementoPattern.csproj", "{00509CD2-1201-4141-A689-AEF847AA89F1}"
EndProject
Project("{9A19103F-16F7-4668-BE54-9A1E7A4F7556}") = "PriorityQueuePattern", "PriorityQueuePattern\PriorityQueuePattern.csproj", "{85EC65E2-E1D2-40C0-AEED-B2862C50399C}"
EndProject
Project("{9A19103F-16F7-4668-BE54-9A1E7A4F7556}") = "IteratorPattern", "IteratorPattern\IteratorPattern.csproj", "{24B697B1-E8EE-418C-A440-4BB0137853A7}"
EndProject
Project("{9A19103F-16F7-4668-BE54-9A1E7A4F7556}") = "NullObjectPattern", "NullObjectPattern\NullObjectPattern.csproj", "{343305F1-7100-442F-9733-C1306A119A37}"
EndProject
Project("{9A19103F-16F7-4668-BE54-9A1E7A4F7556}") = "ClonePattern", "ClonePattern\ClonePattern.csproj", "{690B0086-7E4B-434A-B43A-E440EC46F6CC}"
EndProject
Project("{9A19103F-16F7-4668-BE54-9A1E7A4F7556}") = "PoolPattern", "PoolPattern\PoolPattern.csproj", "{13566BB9-5136-4CFC-B0A3-32BFC9F1E0D0}"
EndProject
Project("{9A19103F-16F7-4668-BE54-9A1E7A4F7556}") = "Double-CheckedLockingPattern", "Double-CheckedLockingPattern\Double-CheckedLockingPattern.csproj", "{E668CAF7-2D12-4C6A-A109-4C7673E06819}"
EndProject
Project("{9A19103F-16F7-4668-BE54-9A1E7A4F7556}") = "ConstrainedContainerPattern", "ConstrainedContainerPattern\ConstrainedContainerPattern.csproj", "{8A781BF1-2644-4B14-9E9E-CC524CC3968D}"
EndProject
Project("{9A19103F-16F7-4668-BE54-9A1E7A4F7556}") = "TransmogrifierPattern", "TransmogrifierPattern\TransmogrifierPattern.csproj", "{627EC43C-BEB1-486F-B430-BA74CAFE0908}"
EndProject
Project("{9A19103F-16F7-4668-BE54-9A1E7A4F7556}") = "ParameterObjectPattern", "ParameterObjectPattern\ParameterObjectPattern.csproj", "{F71C12A3-AB3D-48E3-92AD-B389DB719E09}"
EndProject
Project("{9A19103F-16F7-4668-BE54-9A1E7A4F7556}") = "PipelinePattern", "PipelinePattern\PipelinePattern.csproj", "{FD183074-6F6C-44F0-A0E0-EEEC4508906A}"
EndProject
Project("{9A19103F-16F7-4668-BE54-9A1E7A4F7556}") = "Fault-TolerantPattern", "Fault-TolerantPattern\Fault-TolerantPattern.csproj", "{1500F40F-3796-4559-B008-D9091D62E632}"
EndProject
Project("{9A19103F-16F7-4668-BE54-9A1E7A4F7556}") = "MicroservicesPattern", "MicroservicesPattern\MicroservicesPattern.csproj", "{EE78A323-2BB0-4CB9-8E99-1646AF895D3A}"
EndProject
Project("{2150E333-8FDC-42A3-9474-1A3956D46DE8}") = "Creational Patterns", "Creational Patterns", "{8FA493C5-40CB-42D2-9510-FF7DEE0968ED}"
EndProject
Project("{2150E333-8FDC-42A3-9474-1A3956D46DE8}") = "Structural Patterns", "Structural Patterns", "{9E63D37A-52CA-4719-82F8-B4466BBF14AA}"
EndProject
Project("{2150E333-8FDC-42A3-9474-1A3956D46DE8}") = "Behavioral Patterns", "Behavioral Patterns", "{614B75BE-C881-4B41-A458-D3E176FCF21C}"
EndProject
Project("{2150E333-8FDC-42A3-9474-1A3956D46DE8}") = "Other Patterns", "Other Patterns", "{D4F345A0-0995-4F38-8EDF-ADB5FC9B1EAB}"
EndProject
Global
	GlobalSection(SolutionConfigurationPlatforms) = preSolution
		Debug|Any CPU = Debug|Any CPU
		Release|Any CPU = Release|Any CPU
	EndGlobalSection
	GlobalSection(ProjectConfigurationPlatforms) = postSolution
		{E8506AD9-E679-49FE-84D6-EF83A66FA2C0}.Debug|Any CPU.ActiveCfg = Debug|Any CPU
		{E8506AD9-E679-49FE-84D6-EF83A66FA2C0}.Debug|Any CPU.Build.0 = Debug|Any CPU
		{E8506AD9-E679-49FE-84D6-EF83A66FA2C0}.Release|Any CPU.ActiveCfg = Release|Any CPU
		{E8506AD9-E679-49FE-84D6-EF83A66FA2C0}.Release|Any CPU.Build.0 = Release|Any CPU
		{AFD81C19-7411-4E30-BEBE-588D61B6B57E}.Debug|Any CPU.ActiveCfg = Debug|Any CPU
		{AFD81C19-7411-4E30-BEBE-588D61B6B57E}.Debug|Any CPU.Build.0 = Debug|Any CPU
		{AFD81C19-7411-4E30-BEBE-588D61B6B57E}.Release|Any CPU.ActiveCfg = Release|Any CPU
		{AFD81C19-7411-4E30-BEBE-588D61B6B57E}.Release|Any CPU.Build.0 = Release|Any CPU
		{2B7E5AE2-B407-40B8-863E-B8679EE5E70F}.Debug|Any CPU.ActiveCfg = Debug|Any CPU
		{2B7E5AE2-B407-40B8-863E-B8679EE5E70F}.Debug|Any CPU.Build.0 = Debug|Any CPU
		{2B7E5AE2-B407-40B8-863E-B8679EE5E70F}.Release|Any CPU.ActiveCfg = Release|Any CPU
		{2B7E5AE2-B407-40B8-863E-B8679EE5E70F}.Release|Any CPU.Build.0 = Release|Any CPU
		{00F4C5CC-EDF0-4F78-9761-B4A3D4F42700}.Debug|Any CPU.ActiveCfg = Debug|Any CPU
		{00F4C5CC-EDF0-4F78-9761-B4A3D4F42700}.Debug|Any CPU.Build.0 = Debug|Any CPU
		{00F4C5CC-EDF0-4F78-9761-B4A3D4F42700}.Release|Any CPU.ActiveCfg = Release|Any CPU
		{00F4C5CC-EDF0-4F78-9761-B4A3D4F42700}.Release|Any CPU.Build.0 = Release|Any CPU
		{1E2CDE33-745C-4A2E-8582-D832BBF6B55B}.Debug|Any CPU.ActiveCfg = Debug|Any CPU
		{1E2CDE33-745C-4A2E-8582-D832BBF6B55B}.Debug|Any CPU.Build.0 = Debug|Any CPU
		{1E2CDE33-745C-4A2E-8582-D832BBF6B55B}.Release|Any CPU.ActiveCfg = Release|Any CPU
		{1E2CDE33-745C-4A2E-8582-D832BBF6B55B}.Release|Any CPU.Build.0 = Release|Any CPU
		{88ECAEDF-752B-45B4-9EFC-DE427416DB33}.Debug|Any CPU.ActiveCfg = Debug|Any CPU
		{88ECAEDF-752B-45B4-9EFC-DE427416DB33}.Debug|Any CPU.Build.0 = Debug|Any CPU
		{88ECAEDF-752B-45B4-9EFC-DE427416DB33}.Release|Any CPU.ActiveCfg = Release|Any CPU
		{88ECAEDF-752B-45B4-9EFC-DE427416DB33}.Release|Any CPU.Build.0 = Release|Any CPU
		{FA0E32B1-1F6C-4573-ADA7-BC7D4AC6232E}.Debug|Any CPU.ActiveCfg = Debug|Any CPU
		{FA0E32B1-1F6C-4573-ADA7-BC7D4AC6232E}.Debug|Any CPU.Build.0 = Debug|Any CPU
		{FA0E32B1-1F6C-4573-ADA7-BC7D4AC6232E}.Release|Any CPU.ActiveCfg = Release|Any CPU
		{FA0E32B1-1F6C-4573-ADA7-BC7D4AC6232E}.Release|Any CPU.Build.0 = Release|Any CPU
		{4B8DBC5A-1251-46C4-929C-5DC496D58AF9}.Debug|Any CPU.ActiveCfg = Debug|Any CPU
		{4B8DBC5A-1251-46C4-929C-5DC496D58AF9}.Debug|Any CPU.Build.0 = Debug|Any CPU
		{4B8DBC5A-1251-46C4-929C-5DC496D58AF9}.Release|Any CPU.ActiveCfg = Release|Any CPU
		{4B8DBC5A-1251-46C4-929C-5DC496D58AF9}.Release|Any CPU.Build.0 = Release|Any CPU
		{4AFD3D04-2E0D-4C9A-8A77-41F0795E21C6}.Debug|Any CPU.ActiveCfg = Debug|Any CPU
		{4AFD3D04-2E0D-4C9A-8A77-41F0795E21C6}.Debug|Any CPU.Build.0 = Debug|Any CPU
		{4AFD3D04-2E0D-4C9A-8A77-41F0795E21C6}.Release|Any CPU.ActiveCfg = Release|Any CPU
		{4AFD3D04-2E0D-4C9A-8A77-41F0795E21C6}.Release|Any CPU.Build.0 = Release|Any CPU
		{D9C03B09-7DCD-4CDF-9B45-CE5E5F9EF159}.Debug|Any CPU.ActiveCfg = Debug|Any CPU
		{D9C03B09-7DCD-4CDF-9B45-CE5E5F9EF159}.Debug|Any CPU.Build.0 = Debug|Any CPU
		{D9C03B09-7DCD-4CDF-9B45-CE5E5F9EF159}.Release|Any CPU.ActiveCfg = Release|Any CPU
		{D9C03B09-7DCD-4CDF-9B45-CE5E5F9EF159}.Release|Any CPU.Build.0 = Release|Any CPU
		{C0D31F06-E77A-4363-BC28-718635CA0819}.Debug|Any CPU.ActiveCfg = Debug|Any CPU
		{C0D31F06-E77A-4363-BC28-718635CA0819}.Debug|Any CPU.Build.0 = Debug|Any CPU
		{C0D31F06-E77A-4363-BC28-718635CA0819}.Release|Any CPU.ActiveCfg = Release|Any CPU
		{C0D31F06-E77A-4363-BC28-718635CA0819}.Release|Any CPU.Build.0 = Release|Any CPU
		{1F0571EF-08F6-4F51-BA3C-90DD116052DE}.Debug|Any CPU.ActiveCfg = Debug|Any CPU
		{1F0571EF-08F6-4F51-BA3C-90DD116052DE}.Debug|Any CPU.Build.0 = Debug|Any CPU
		{1F0571EF-08F6-4F51-BA3C-90DD116052DE}.Release|Any CPU.ActiveCfg = Release|Any CPU
		{1F0571EF-08F6-4F51-BA3C-90DD116052DE}.Release|Any CPU.Build.0 = Release|Any CPU
		{1385FA61-3696-48C0-ACFB-C682EF5E14FF}.Debug|Any CPU.ActiveCfg = Debug|Any CPU
		{1385FA61-3696-48C0-ACFB-C682EF5E14FF}.Debug|Any CPU.Build.0 = Debug|Any CPU
		{1385FA61-3696-48C0-ACFB-C682EF5E14FF}.Release|Any CPU.ActiveCfg = Release|Any CPU
		{1385FA61-3696-48C0-ACFB-C682EF5E14FF}.Release|Any CPU.Build.0 = Release|Any CPU
		{DB070C64-81B1-4919-B716-8C8E3AB04BF6}.Debug|Any CPU.ActiveCfg = Debug|Any CPU
		{DB070C64-81B1-4919-B716-8C8E3AB04BF6}.Debug|Any CPU.Build.0 = Debug|Any CPU
		{DB070C64-81B1-4919-B716-8C8E3AB04BF6}.Release|Any CPU.ActiveCfg = Release|Any CPU
		{DB070C64-81B1-4919-B716-8C8E3AB04BF6}.Release|Any CPU.Build.0 = Release|Any CPU
		{90B29B6D-16CD-4BA3-87C9-AB3A890235ED}.Debug|Any CPU.ActiveCfg = Debug|Any CPU
		{90B29B6D-16CD-4BA3-87C9-AB3A890235ED}.Debug|Any CPU.Build.0 = Debug|Any CPU
		{90B29B6D-16CD-4BA3-87C9-AB3A890235ED}.Release|Any CPU.ActiveCfg = Release|Any CPU
		{90B29B6D-16CD-4BA3-87C9-AB3A890235ED}.Release|Any CPU.Build.0 = Release|Any CPU
		{D6244626-8FED-49FF-956F-D6C01A2F1934}.Debug|Any CPU.ActiveCfg = Debug|Any CPU
		{D6244626-8FED-49FF-956F-D6C01A2F1934}.Debug|Any CPU.Build.0 = Debug|Any CPU
		{D6244626-8FED-49FF-956F-D6C01A2F1934}.Release|Any CPU.ActiveCfg = Release|Any CPU
		{D6244626-8FED-49FF-956F-D6C01A2F1934}.Release|Any CPU.Build.0 = Release|Any CPU
		{481CEC1A-1680-4394-A1E0-64CE296B22BC}.Debug|Any CPU.ActiveCfg = Debug|Any CPU
		{481CEC1A-1680-4394-A1E0-64CE296B22BC}.Debug|Any CPU.Build.0 = Debug|Any CPU
		{481CEC1A-1680-4394-A1E0-64CE296B22BC}.Release|Any CPU.ActiveCfg = Release|Any CPU
		{481CEC1A-1680-4394-A1E0-64CE296B22BC}.Release|Any CPU.Build.0 = Release|Any CPU
		{61DC9415-84F0-4DA8-9DB3-DD7CA4E9BB9A}.Debug|Any CPU.ActiveCfg = Debug|Any CPU
		{61DC9415-84F0-4DA8-9DB3-DD7CA4E9BB9A}.Debug|Any CPU.Build.0 = Debug|Any CPU
		{61DC9415-84F0-4DA8-9DB3-DD7CA4E9BB9A}.Release|Any CPU.ActiveCfg = Release|Any CPU
		{61DC9415-84F0-4DA8-9DB3-DD7CA4E9BB9A}.Release|Any CPU.Build.0 = Release|Any CPU
		{27BF846B-E91F-4A9A-AAE0-B092482F55AA}.Debug|Any CPU.ActiveCfg = Debug|Any CPU
		{27BF846B-E91F-4A9A-AAE0-B092482F55AA}.Debug|Any CPU.Build.0 = Debug|Any CPU
		{27BF846B-E91F-4A9A-AAE0-B092482F55AA}.Release|Any CPU.ActiveCfg = Release|Any CPU
		{27BF846B-E91F-4A9A-AAE0-B092482F55AA}.Release|Any CPU.Build.0 = Release|Any CPU
		{5DB66C89-376A-41EE-8227-0ACB7ED9C4B1}.Debug|Any CPU.ActiveCfg = Debug|Any CPU
		{5DB66C89-376A-41EE-8227-0ACB7ED9C4B1}.Debug|Any CPU.Build.0 = Debug|Any CPU
		{5DB66C89-376A-41EE-8227-0ACB7ED9C4B1}.Release|Any CPU.ActiveCfg = Release|Any CPU
		{5DB66C89-376A-41EE-8227-0ACB7ED9C4B1}.Release|Any CPU.Build.0 = Release|Any CPU
		{89517550-BDE7-4256-87BB-C8022A0A4F1F}.Debug|Any CPU.ActiveCfg = Debug|Any CPU
		{89517550-BDE7-4256-87BB-C8022A0A4F1F}.Debug|Any CPU.Build.0 = Debug|Any CPU
		{89517550-BDE7-4256-87BB-C8022A0A4F1F}.Release|Any CPU.ActiveCfg = Release|Any CPU
		{89517550-BDE7-4256-87BB-C8022A0A4F1F}.Release|Any CPU.Build.0 = Release|Any CPU
		{00509CD2-1201-4141-A689-AEF847AA89F1}.Debug|Any CPU.ActiveCfg = Debug|Any CPU
		{00509CD2-1201-4141-A689-AEF847AA89F1}.Debug|Any CPU.Build.0 = Debug|Any CPU
		{00509CD2-1201-4141-A689-AEF847AA89F1}.Release|Any CPU.ActiveCfg = Release|Any CPU
		{00509CD2-1201-4141-A689-AEF847AA89F1}.Release|Any CPU.Build.0 = Release|Any CPU
		{85EC65E2-E1D2-40C0-AEED-B2862C50399C}.Debug|Any CPU.ActiveCfg = Debug|Any CPU
		{85EC65E2-E1D2-40C0-AEED-B2862C50399C}.Debug|Any CPU.Build.0 = Debug|Any CPU
		{85EC65E2-E1D2-40C0-AEED-B2862C50399C}.Release|Any CPU.ActiveCfg = Release|Any CPU
		{85EC65E2-E1D2-40C0-AEED-B2862C50399C}.Release|Any CPU.Build.0 = Release|Any CPU
		{24B697B1-E8EE-418C-A440-4BB0137853A7}.Debug|Any CPU.ActiveCfg = Debug|Any CPU
		{24B697B1-E8EE-418C-A440-4BB0137853A7}.Debug|Any CPU.Build.0 = Debug|Any CPU
		{24B697B1-E8EE-418C-A440-4BB0137853A7}.Release|Any CPU.ActiveCfg = Release|Any CPU
		{24B697B1-E8EE-418C-A440-4BB0137853A7}.Release|Any CPU.Build.0 = Release|Any CPU
		{343305F1-7100-442F-9733-C1306A119A37}.Debug|Any CPU.ActiveCfg = Debug|Any CPU
		{343305F1-7100-442F-9733-C1306A119A37}.Debug|Any CPU.Build.0 = Debug|Any CPU
		{343305F1-7100-442F-9733-C1306A119A37}.Release|Any CPU.ActiveCfg = Release|Any CPU
		{343305F1-7100-442F-9733-C1306A119A37}.Release|Any CPU.Build.0 = Release|Any CPU
		{690B0086-7E4B-434A-B43A-E440EC46F6CC}.Debug|Any CPU.ActiveCfg = Debug|Any CPU
		{690B0086-7E4B-434A-B43A-E440EC46F6CC}.Debug|Any CPU.Build.0 = Debug|Any CPU
		{690B0086-7E4B-434A-B43A-E440EC46F6CC}.Release|Any CPU.ActiveCfg = Release|Any CPU
		{690B0086-7E4B-434A-B43A-E440EC46F6CC}.Release|Any CPU.Build.0 = Release|Any CPU
		{13566BB9-5136-4CFC-B0A3-32BFC9F1E0D0}.Debug|Any CPU.ActiveCfg = Debug|Any CPU
		{13566BB9-5136-4CFC-B0A3-32BFC9F1E0D0}.Debug|Any CPU.Build.0 = Debug|Any CPU
		{13566BB9-5136-4CFC-B0A3-32BFC9F1E0D0}.Release|Any CPU.ActiveCfg = Release|Any CPU
		{13566BB9-5136-4CFC-B0A3-32BFC9F1E0D0}.Release|Any CPU.Build.0 = Release|Any CPU
		{E668CAF7-2D12-4C6A-A109-4C7673E06819}.Debug|Any CPU.ActiveCfg = Debug|Any CPU
		{E668CAF7-2D12-4C6A-A109-4C7673E06819}.Debug|Any CPU.Build.0 = Debug|Any CPU
		{E668CAF7-2D12-4C6A-A109-4C7673E06819}.Release|Any CPU.ActiveCfg = Release|Any CPU
		{E668CAF7-2D12-4C6A-A109-4C7673E06819}.Release|Any CPU.Build.0 = Release|Any CPU
		{8A781BF1-2644-4B14-9E9E-CC524CC3968D}.Debug|Any CPU.ActiveCfg = Debug|Any CPU
		{8A781BF1-2644-4B14-9E9E-CC524CC3968D}.Debug|Any CPU.Build.0 = Debug|Any CPU
		{8A781BF1-2644-4B14-9E9E-CC524CC3968D}.Release|Any CPU.ActiveCfg = Release|Any CPU
		{8A781BF1-2644-4B14-9E9E-CC524CC3968D}.Release|Any CPU.Build.0 = Release|Any CPU
		{627EC43C-BEB1-486F-B430-BA74CAFE0908}.Debug|Any CPU.ActiveCfg = Debug|Any CPU
		{627EC43C-BEB1-486F-B430-BA74CAFE0908}.Debug|Any CPU.Build.0 = Debug|Any CPU
		{627EC43C-BEB1-486F-B430-BA74CAFE0908}.Release|Any CPU.ActiveCfg = Release|Any CPU
		{627EC43C-BEB1-486F-B430-BA74CAFE0908}.Release|Any CPU.Build.0 = Release|Any CPU
		{F71C12A3-AB3D-48E3-92AD-B389DB719E09}.Debug|Any CPU.ActiveCfg = Debug|Any CPU
		{F71C12A3-AB3D-48E3-92AD-B389DB719E09}.Debug|Any CPU.Build.0 = Debug|Any CPU
		{F71C12A3-AB3D-48E3-92AD-B389DB719E09}.Release|Any CPU.ActiveCfg = Release|Any CPU
		{F71C12A3-AB3D-48E3-92AD-B389DB719E09}.Release|Any CPU.Build.0 = Release|Any CPU
		{FD183074-6F6C-44F0-A0E0-EEEC4508906A}.Debug|Any CPU.ActiveCfg = Debug|Any CPU
		{FD183074-6F6C-44F0-A0E0-EEEC4508906A}.Debug|Any CPU.Build.0 = Debug|Any CPU
		{FD183074-6F6C-44F0-A0E0-EEEC4508906A}.Release|Any CPU.ActiveCfg = Release|Any CPU
		{FD183074-6F6C-44F0-A0E0-EEEC4508906A}.Release|Any CPU.Build.0 = Release|Any CPU
		{1500F40F-3796-4559-B008-D9091D62E632}.Debug|Any CPU.ActiveCfg = Debug|Any CPU
		{1500F40F-3796-4559-B008-D9091D62E632}.Debug|Any CPU.Build.0 = Debug|Any CPU
		{1500F40F-3796-4559-B008-D9091D62E632}.Release|Any CPU.ActiveCfg = Release|Any CPU
		{1500F40F-3796-4559-B008-D9091D62E632}.Release|Any CPU.Build.0 = Release|Any CPU
		{EE78A323-2BB0-4CB9-8E99-1646AF895D3A}.Debug|Any CPU.ActiveCfg = Debug|Any CPU
		{EE78A323-2BB0-4CB9-8E99-1646AF895D3A}.Debug|Any CPU.Build.0 = Debug|Any CPU
		{EE78A323-2BB0-4CB9-8E99-1646AF895D3A}.Release|Any CPU.ActiveCfg = Release|Any CPU
		{EE78A323-2BB0-4CB9-8E99-1646AF895D3A}.Release|Any CPU.Build.0 = Release|Any CPU
	EndGlobalSection
	GlobalSection(SolutionProperties) = preSolution
		HideSolutionNode = FALSE
	EndGlobalSection
	GlobalSection(NestedProjects) = preSolution
		{E8506AD9-E679-49FE-84D6-EF83A66FA2C0} = {8FA493C5-40CB-42D2-9510-FF7DEE0968ED}
		{AFD81C19-7411-4E30-BEBE-588D61B6B57E} = {8FA493C5-40CB-42D2-9510-FF7DEE0968ED}
		{2B7E5AE2-B407-40B8-863E-B8679EE5E70F} = {8FA493C5-40CB-42D2-9510-FF7DEE0968ED}
		{00F4C5CC-EDF0-4F78-9761-B4A3D4F42700} = {8FA493C5-40CB-42D2-9510-FF7DEE0968ED}
		{1E2CDE33-745C-4A2E-8582-D832BBF6B55B} = {8FA493C5-40CB-42D2-9510-FF7DEE0968ED}
		{88ECAEDF-752B-45B4-9EFC-DE427416DB33} = {8FA493C5-40CB-42D2-9510-FF7DEE0968ED}
		{FA0E32B1-1F6C-4573-ADA7-BC7D4AC6232E} = {614B75BE-C881-4B41-A458-D3E176FCF21C}
		{4B8DBC5A-1251-46C4-929C-5DC496D58AF9} = {614B75BE-C881-4B41-A458-D3E176FCF21C}
		{4AFD3D04-2E0D-4C9A-8A77-41F0795E21C6} = {614B75BE-C881-4B41-A458-D3E176FCF21C}
		{D9C03B09-7DCD-4CDF-9B45-CE5E5F9EF159} = {9E63D37A-52CA-4719-82F8-B4466BBF14AA}
		{C0D31F06-E77A-4363-BC28-718635CA0819} = {9E63D37A-52CA-4719-82F8-B4466BBF14AA}
		{1F0571EF-08F6-4F51-BA3C-90DD116052DE} = {9E63D37A-52CA-4719-82F8-B4466BBF14AA}
		{1385FA61-3696-48C0-ACFB-C682EF5E14FF} = {D4F345A0-0995-4F38-8EDF-ADB5FC9B1EAB}
		{DB070C64-81B1-4919-B716-8C8E3AB04BF6} = {614B75BE-C881-4B41-A458-D3E176FCF21C}
		{90B29B6D-16CD-4BA3-87C9-AB3A890235ED} = {614B75BE-C881-4B41-A458-D3E176FCF21C}
		{D6244626-8FED-49FF-956F-D6C01A2F1934} = {614B75BE-C881-4B41-A458-D3E176FCF21C}
		{481CEC1A-1680-4394-A1E0-64CE296B22BC} = {614B75BE-C881-4B41-A458-D3E176FCF21C}
		{61DC9415-84F0-4DA8-9DB3-DD7CA4E9BB9A} = {614B75BE-C881-4B41-A458-D3E176FCF21C}
		{27BF846B-E91F-4A9A-AAE0-B092482F55AA} = {9E63D37A-52CA-4719-82F8-B4466BBF14AA}
		{5DB66C89-376A-41EE-8227-0ACB7ED9C4B1} = {9E63D37A-52CA-4719-82F8-B4466BBF14AA}
		{89517550-BDE7-4256-87BB-C8022A0A4F1F} = {9E63D37A-52CA-4719-82F8-B4466BBF14AA}
		{00509CD2-1201-4141-A689-AEF847AA89F1} = {D4F345A0-0995-4F38-8EDF-ADB5FC9B1EAB}
		{85EC65E2-E1D2-40C0-AEED-B2862C50399C} = {D4F345A0-0995-4F38-8EDF-ADB5FC9B1EAB}
		{24B697B1-E8EE-418C-A440-4BB0137853A7} = {614B75BE-C881-4B41-A458-D3E176FCF21C}
		{343305F1-7100-442F-9733-C1306A119A37} = {D4F345A0-0995-4F38-8EDF-ADB5FC9B1EAB}
		{690B0086-7E4B-434A-B43A-E440EC46F6CC} = {D4F345A0-0995-4F38-8EDF-ADB5FC9B1EAB}
		{13566BB9-5136-4CFC-B0A3-32BFC9F1E0D0} = {D4F345A0-0995-4F38-8EDF-ADB5FC9B1EAB}
		{E668CAF7-2D12-4C6A-A109-4C7673E06819} = {D4F345A0-0995-4F38-8EDF-ADB5FC9B1EAB}
		{8A781BF1-2644-4B14-9E9E-CC524CC3968D} = {D4F345A0-0995-4F38-8EDF-ADB5FC9B1EAB}
		{627EC43C-BEB1-486F-B430-BA74CAFE0908} = {D4F345A0-0995-4F38-8EDF-ADB5FC9B1EAB}
		{F71C12A3-AB3D-48E3-92AD-B389DB719E09} = {D4F345A0-0995-4F38-8EDF-ADB5FC9B1EAB}
		{FD183074-6F6C-44F0-A0E0-EEEC4508906A} = {D4F345A0-0995-4F38-8EDF-ADB5FC9B1EAB}
		{1500F40F-3796-4559-B008-D9091D62E632} = {D4F345A0-0995-4F38-8EDF-ADB5FC9B1EAB}
		{EE78A323-2BB0-4CB9-8E99-1646AF895D3A} = {9E63D37A-52CA-4719-82F8-B4466BBF14AA}
	EndGlobalSection
	GlobalSection(ExtensibilityGlobals) = postSolution
		SolutionGuid = {29DC4D07-B307-4692-A9A7-5086082ABC43}
	EndGlobalSection
EndGlobal
